
Microsoft Visual Studio Solution File, Format Version 12.00
# Visual Studio 15
VisualStudioVersion = 15.0.28010.2046
MinimumVisualStudioVersion = 10.0.40219.1
Project("{9A19103F-16F7-4668-BE54-9A1E7A4F7556}") = "binaryevents.ExpressionJsonSerializer", "ExpressionJsonSerializer\binaryevents.ExpressionJsonSerializer.csproj", "{F6FD2AAC-7409-48A1-80C5-112CCAF4FA1A}"
EndProject
Project("{9A19103F-16F7-4668-BE54-9A1E7A4F7556}") = "binaryevents.ExpressionJsonSerializer.Tests", "ExpressionJsonSerializer.Tests\binaryevents.ExpressionJsonSerializer.Tests.csproj", "{348525AE-72C1-4250-81D2-79D244856F7C}"
EndProject
Global
	GlobalSection(SolutionConfigurationPlatforms) = preSolution
		Debug|Any CPU = Debug|Any CPU
		Release|Any CPU = Release|Any CPU
	EndGlobalSection
	GlobalSection(ProjectConfigurationPlatforms) = postSolution
		{F6FD2AAC-7409-48A1-80C5-112CCAF4FA1A}.Debug|Any CPU.ActiveCfg = Debug|Any CPU
		{F6FD2AAC-7409-48A1-80C5-112CCAF4FA1A}.Debug|Any CPU.Build.0 = Debug|Any CPU
		{F6FD2AAC-7409-48A1-80C5-112CCAF4FA1A}.Release|Any CPU.ActiveCfg = Release|Any CPU
		{F6FD2AAC-7409-48A1-80C5-112CCAF4FA1A}.Release|Any CPU.Build.0 = Release|Any CPU
		{348525AE-72C1-4250-81D2-79D244856F7C}.Debug|Any CPU.ActiveCfg = Debug|Any CPU
		{348525AE-72C1-4250-81D2-79D244856F7C}.Debug|Any CPU.Build.0 = Debug|Any CPU
		{348525AE-72C1-4250-81D2-79D244856F7C}.Release|Any CPU.ActiveCfg = Release|Any CPU
		{348525AE-72C1-4250-81D2-79D244856F7C}.Release|Any CPU.Build.0 = Release|Any CPU
	EndGlobalSection
	GlobalSection(SolutionProperties) = preSolution
		HideSolutionNode = FALSE
	EndGlobalSection
	GlobalSection(ExtensibilityGlobals) = postSolution
		SolutionGuid = {52C73AA9-F6AD-42D3-8EEF-51BEC9656471}
	EndGlobalSection
EndGlobal
